
Microsoft Visual Studio Solution File, Format Version 12.00
# Visual Studio Version 17
VisualStudioVersion = 17.3.32929.385
MinimumVisualStudioVersion = 10.0.40219.1
Project("{FAE04EC0-301F-11D3-BF4B-00C04F79EFBC}") = "WpfApp5", "WpfApp5\WpfApp5.csproj", "{69AF779D-445E-4C03-BAB4-651E895735D2}"
EndProject
Global
	GlobalSection(SolutionConfigurationPlatforms) = preSolution
		Debug|Any CPU = Debug|Any CPU
		Release|Any CPU = Release|Any CPU
	EndGlobalSection
	GlobalSection(ProjectConfigurationPlatforms) = postSolution
		{69AF779D-445E-4C03-BAB4-651E895735D2}.Debug|Any CPU.ActiveCfg = Debug|Any CPU
		{69AF779D-445E-4C03-BAB4-651E895735D2}.Debug|Any CPU.Build.0 = Debug|Any CPU
		{69AF779D-445E-4C03-BAB4-651E895735D2}.Release|Any CPU.ActiveCfg = Release|Any CPU
		{69AF779D-445E-4C03-BAB4-651E895735D2}.Release|Any CPU.Build.0 = Release|Any CPU
	EndGlobalSection
	GlobalSection(SolutionProperties) = preSolution
		HideSolutionNode = FALSE
	EndGlobalSection
	GlobalSection(ExtensibilityGlobals) = postSolution
		SolutionGuid = {5FD1D7ED-428D-4A60-92F5-4AA14E9EA526}
	EndGlobalSection
EndGlobal
